
Microsoft Visual Studio Solution File, Format Version 12.00
# Visual Studio 15
VisualStudioVersion = 15.0.26730.16
MinimumVisualStudioVersion = 10.0.40219.1
Project("{FAE04EC0-301F-11D3-BF4B-00C04F79EFBC}") = "HospitalSanJose.Android", "HospitalSanJose\HospitalSanJose.Android\HospitalSanJose.Android.csproj", "{AC190213-86F6-46B3-BE6C-5CBE3A0EABB9}"
EndProject
Project("{FAE04EC0-301F-11D3-BF4B-00C04F79EFBC}") = "HospitalSanJose", "HospitalSanJose\HospitalSanJose\HospitalSanJose.csproj", "{EF631454-96BE-4305-8034-9A2056E1FF00}"
EndProject
Project("{FAE04EC0-301F-11D3-BF4B-00C04F79EFBC}") = "HospitalSanJose.UWP", "HospitalSanJose\HospitalSanJose.UWP\HospitalSanJose.UWP.csproj", "{5DD13C46-CD2A-430F-A4E6-88D71AA7DDA8}"
EndProject
Project("{FAE04EC0-301F-11D3-BF4B-00C04F79EFBC}") = "HospitalSanJose.iOS", "HospitalSanJose\HospitalSanJose.iOS\HospitalSanJose.iOS.csproj", "{E83DF26D-7F57-4105-97BF-50FBE32355E1}"
EndProject
Global
	GlobalSection(SolutionConfigurationPlatforms) = preSolution
		Ad-Hoc|Any CPU = Ad-Hoc|Any CPU
		Ad-Hoc|ARM = Ad-Hoc|ARM
		Ad-Hoc|iPhone = Ad-Hoc|iPhone
		Ad-Hoc|iPhoneSimulator = Ad-Hoc|iPhoneSimulator
		Ad-Hoc|x64 = Ad-Hoc|x64
		Ad-Hoc|x86 = Ad-Hoc|x86
		AppStore|Any CPU = AppStore|Any CPU
		AppStore|ARM = AppStore|ARM
		AppStore|iPhone = AppStore|iPhone
		AppStore|iPhoneSimulator = AppStore|iPhoneSimulator
		AppStore|x64 = AppStore|x64
		AppStore|x86 = AppStore|x86
		Debug|Any CPU = Debug|Any CPU
		Debug|ARM = Debug|ARM
		Debug|iPhone = Debug|iPhone
		Debug|iPhoneSimulator = Debug|iPhoneSimulator
		Debug|x64 = Debug|x64
		Debug|x86 = Debug|x86
		Release|Any CPU = Release|Any CPU
		Release|ARM = Release|ARM
		Release|iPhone = Release|iPhone
		Release|iPhoneSimulator = Release|iPhoneSimulator
		Release|x64 = Release|x64
		Release|x86 = Release|x86
	EndGlobalSection
	GlobalSection(ProjectConfigurationPlatforms) = postSolution
		{AC190213-86F6-46B3-BE6C-5CBE3A0EABB9}.Ad-Hoc|Any CPU.ActiveCfg = Release|Any CPU
		{AC190213-86F6-46B3-BE6C-5CBE3A0EABB9}.Ad-Hoc|Any CPU.Build.0 = Release|Any CPU
		{AC190213-86F6-46B3-BE6C-5CBE3A0EABB9}.Ad-Hoc|Any CPU.Deploy.0 = Release|Any CPU
		{AC190213-86F6-46B3-BE6C-5CBE3A0EABB9}.Ad-Hoc|ARM.ActiveCfg = Release|Any CPU
		{AC190213-86F6-46B3-BE6C-5CBE3A0EABB9}.Ad-Hoc|ARM.Build.0 = Release|Any CPU
		{AC190213-86F6-46B3-BE6C-5CBE3A0EABB9}.Ad-Hoc|ARM.Deploy.0 = Release|Any CPU
		{AC190213-86F6-46B3-BE6C-5CBE3A0EABB9}.Ad-Hoc|iPhone.ActiveCfg = Release|Any CPU
		{AC190213-86F6-46B3-BE6C-5CBE3A0EABB9}.Ad-Hoc|iPhone.Build.0 = Release|Any CPU
		{AC190213-86F6-46B3-BE6C-5CBE3A0EABB9}.Ad-Hoc|iPhone.Deploy.0 = Release|Any CPU
		{AC190213-86F6-46B3-BE6C-5CBE3A0EABB9}.Ad-Hoc|iPhoneSimulator.ActiveCfg = Release|Any CPU
		{AC190213-86F6-46B3-BE6C-5CBE3A0EABB9}.Ad-Hoc|iPhoneSimulator.Build.0 = Release|Any CPU
		{AC190213-86F6-46B3-BE6C-5CBE3A0EABB9}.Ad-Hoc|iPhoneSimulator.Deploy.0 = Release|Any CPU
		{AC190213-86F6-46B3-BE6C-5CBE3A0EABB9}.Ad-Hoc|x64.ActiveCfg = Release|Any CPU
		{AC190213-86F6-46B3-BE6C-5CBE3A0EABB9}.Ad-Hoc|x64.Build.0 = Release|Any CPU
		{AC190213-86F6-46B3-BE6C-5CBE3A0EABB9}.Ad-Hoc|x64.Deploy.0 = Release|Any CPU
		{AC190213-86F6-46B3-BE6C-5CBE3A0EABB9}.Ad-Hoc|x86.ActiveCfg = Release|Any CPU
		{AC190213-86F6-46B3-BE6C-5CBE3A0EABB9}.Ad-Hoc|x86.Build.0 = Release|Any CPU
		{AC190213-86F6-46B3-BE6C-5CBE3A0EABB9}.Ad-Hoc|x86.Deploy.0 = Release|Any CPU
		{AC190213-86F6-46B3-BE6C-5CBE3A0EABB9}.AppStore|Any CPU.ActiveCfg = Release|Any CPU
		{AC190213-86F6-46B3-BE6C-5CBE3A0EABB9}.AppStore|Any CPU.Build.0 = Release|Any CPU
		{AC190213-86F6-46B3-BE6C-5CBE3A0EABB9}.AppStore|Any CPU.Deploy.0 = Release|Any CPU
		{AC190213-86F6-46B3-BE6C-5CBE3A0EABB9}.AppStore|ARM.ActiveCfg = Release|Any CPU
		{AC190213-86F6-46B3-BE6C-5CBE3A0EABB9}.AppStore|ARM.Build.0 = Release|Any CPU
		{AC190213-86F6-46B3-BE6C-5CBE3A0EABB9}.AppStore|ARM.Deploy.0 = Release|Any CPU
		{AC190213-86F6-46B3-BE6C-5CBE3A0EABB9}.AppStore|iPhone.ActiveCfg = Release|Any CPU
		{AC190213-86F6-46B3-BE6C-5CBE3A0EABB9}.AppStore|iPhone.Build.0 = Release|Any CPU
		{AC190213-86F6-46B3-BE6C-5CBE3A0EABB9}.AppStore|iPhone.Deploy.0 = Release|Any CPU
		{AC190213-86F6-46B3-BE6C-5CBE3A0EABB9}.AppStore|iPhoneSimulator.ActiveCfg = Release|Any CPU
		{AC190213-86F6-46B3-BE6C-5CBE3A0EABB9}.AppStore|iPhoneSimulator.Build.0 = Release|Any CPU
		{AC190213-86F6-46B3-BE6C-5CBE3A0EABB9}.AppStore|iPhoneSimulator.Deploy.0 = Release|Any CPU
		{AC190213-86F6-46B3-BE6C-5CBE3A0EABB9}.AppStore|x64.ActiveCfg = Release|Any CPU
		{AC190213-86F6-46B3-BE6C-5CBE3A0EABB9}.AppStore|x64.Build.0 = Release|Any CPU
		{AC190213-86F6-46B3-BE6C-5CBE3A0EABB9}.AppStore|x64.Deploy.0 = Release|Any CPU
		{AC190213-86F6-46B3-BE6C-5CBE3A0EABB9}.AppStore|x86.ActiveCfg = Release|Any CPU
		{AC190213-86F6-46B3-BE6C-5CBE3A0EABB9}.AppStore|x86.Build.0 = Release|Any CPU
		{AC190213-86F6-46B3-BE6C-5CBE3A0EABB9}.AppStore|x86.Deploy.0 = Release|Any CPU
		{AC190213-86F6-46B3-BE6C-5CBE3A0EABB9}.Debug|Any CPU.ActiveCfg = Debug|Any CPU
		{AC190213-86F6-46B3-BE6C-5CBE3A0EABB9}.Debug|Any CPU.Build.0 = Debug|Any CPU
		{AC190213-86F6-46B3-BE6C-5CBE3A0EABB9}.Debug|Any CPU.Deploy.0 = Debug|Any CPU
		{AC190213-86F6-46B3-BE6C-5CBE3A0EABB9}.Debug|ARM.ActiveCfg = Debug|Any CPU
		{AC190213-86F6-46B3-BE6C-5CBE3A0EABB9}.Debug|ARM.Build.0 = Debug|Any CPU
		{AC190213-86F6-46B3-BE6C-5CBE3A0EABB9}.Debug|ARM.Deploy.0 = Debug|Any CPU
		{AC190213-86F6-46B3-BE6C-5CBE3A0EABB9}.Debug|iPhone.ActiveCfg = Debug|Any CPU
		{AC190213-86F6-46B3-BE6C-5CBE3A0EABB9}.Debug|iPhone.Build.0 = Debug|Any CPU
		{AC190213-86F6-46B3-BE6C-5CBE3A0EABB9}.Debug|iPhone.Deploy.0 = Debug|Any CPU
		{AC190213-86F6-46B3-BE6C-5CBE3A0EABB9}.Debug|iPhoneSimulator.ActiveCfg = Debug|Any CPU
		{AC190213-86F6-46B3-BE6C-5CBE3A0EABB9}.Debug|iPhoneSimulator.Build.0 = Debug|Any CPU
		{AC190213-86F6-46B3-BE6C-5CBE3A0EABB9}.Debug|iPhoneSimulator.Deploy.0 = Debug|Any CPU
		{AC190213-86F6-46B3-BE6C-5CBE3A0EABB9}.Debug|x64.ActiveCfg = Debug|Any CPU
		{AC190213-86F6-46B3-BE6C-5CBE3A0EABB9}.Debug|x64.Build.0 = Debug|Any CPU
		{AC190213-86F6-46B3-BE6C-5CBE3A0EABB9}.Debug|x64.Deploy.0 = Debug|Any CPU
		{AC190213-86F6-46B3-BE6C-5CBE3A0EABB9}.Debug|x86.ActiveCfg = Debug|Any CPU
		{AC190213-86F6-46B3-BE6C-5CBE3A0EABB9}.Debug|x86.Build.0 = Debug|Any CPU
		{AC190213-86F6-46B3-BE6C-5CBE3A0EABB9}.Debug|x86.Deploy.0 = Debug|Any CPU
		{AC190213-86F6-46B3-BE6C-5CBE3A0EABB9}.Release|Any CPU.ActiveCfg = Release|Any CPU
		{AC190213-86F6-46B3-BE6C-5CBE3A0EABB9}.Release|Any CPU.Build.0 = Release|Any CPU
		{AC190213-86F6-46B3-BE6C-5CBE3A0EABB9}.Release|Any CPU.Deploy.0 = Release|Any CPU
		{AC190213-86F6-46B3-BE6C-5CBE3A0EABB9}.Release|ARM.ActiveCfg = Release|Any CPU
		{AC190213-86F6-46B3-BE6C-5CBE3A0EABB9}.Release|ARM.Build.0 = Release|Any CPU
		{AC190213-86F6-46B3-BE6C-5CBE3A0EABB9}.Release|ARM.Deploy.0 = Release|Any CPU
		{AC190213-86F6-46B3-BE6C-5CBE3A0EABB9}.Release|iPhone.ActiveCfg = Release|Any CPU
		{AC190213-86F6-46B3-BE6C-5CBE3A0EABB9}.Release|iPhone.Build.0 = Release|Any CPU
		{AC190213-86F6-46B3-BE6C-5CBE3A0EABB9}.Release|iPhone.Deploy.0 = Release|Any CPU
		{AC190213-86F6-46B3-BE6C-5CBE3A0EABB9}.Release|iPhoneSimulator.ActiveCfg = Release|Any CPU
		{AC190213-86F6-46B3-BE6C-5CBE3A0EABB9}.Release|iPhoneSimulator.Build.0 = Release|Any CPU
		{AC190213-86F6-46B3-BE6C-5CBE3A0EABB9}.Release|iPhoneSimulator.Deploy.0 = Release|Any CPU
		{AC190213-86F6-46B3-BE6C-5CBE3A0EABB9}.Release|x64.ActiveCfg = Release|Any CPU
		{AC190213-86F6-46B3-BE6C-5CBE3A0EABB9}.Release|x64.Build.0 = Release|Any CPU
		{AC190213-86F6-46B3-BE6C-5CBE3A0EABB9}.Release|x64.Deploy.0 = Release|Any CPU
		{AC190213-86F6-46B3-BE6C-5CBE3A0EABB9}.Release|x86.ActiveCfg = Release|Any CPU
		{AC190213-86F6-46B3-BE6C-5CBE3A0EABB9}.Release|x86.Build.0 = Release|Any CPU
		{AC190213-86F6-46B3-BE6C-5CBE3A0EABB9}.Release|x86.Deploy.0 = Release|Any CPU
		{EF631454-96BE-4305-8034-9A2056E1FF00}.Ad-Hoc|Any CPU.ActiveCfg = Release|Any CPU
		{EF631454-96BE-4305-8034-9A2056E1FF00}.Ad-Hoc|Any CPU.Build.0 = Release|Any CPU
		{EF631454-96BE-4305-8034-9A2056E1FF00}.Ad-Hoc|ARM.ActiveCfg = Release|Any CPU
		{EF631454-96BE-4305-8034-9A2056E1FF00}.Ad-Hoc|ARM.Build.0 = Release|Any CPU
		{EF631454-96BE-4305-8034-9A2056E1FF00}.Ad-Hoc|iPhone.ActiveCfg = Release|Any CPU
		{EF631454-96BE-4305-8034-9A2056E1FF00}.Ad-Hoc|iPhone.Build.0 = Release|Any CPU
		{EF631454-96BE-4305-8034-9A2056E1FF00}.Ad-Hoc|iPhoneSimulator.ActiveCfg = Release|Any CPU
		{EF631454-96BE-4305-8034-9A2056E1FF00}.Ad-Hoc|iPhoneSimulator.Build.0 = Release|Any CPU
		{EF631454-96BE-4305-8034-9A2056E1FF00}.Ad-Hoc|x64.ActiveCfg = Release|Any CPU
		{EF631454-96BE-4305-8034-9A2056E1FF00}.Ad-Hoc|x64.Build.0 = Release|Any CPU
		{EF631454-96BE-4305-8034-9A2056E1FF00}.Ad-Hoc|x86.ActiveCfg = Release|Any CPU
		{EF631454-96BE-4305-8034-9A2056E1FF00}.Ad-Hoc|x86.Build.0 = Release|Any CPU
		{EF631454-96BE-4305-8034-9A2056E1FF00}.AppStore|Any CPU.ActiveCfg = Release|Any CPU
		{EF631454-96BE-4305-8034-9A2056E1FF00}.AppStore|Any CPU.Build.0 = Release|Any CPU
		{EF631454-96BE-4305-8034-9A2056E1FF00}.AppStore|ARM.ActiveCfg = Release|Any CPU
		{EF631454-96BE-4305-8034-9A2056E1FF00}.AppStore|ARM.Build.0 = Release|Any CPU
		{EF631454-96BE-4305-8034-9A2056E1FF00}.AppStore|iPhone.ActiveCfg = Release|Any CPU
		{EF631454-96BE-4305-8034-9A2056E1FF00}.AppStore|iPhone.Build.0 = Release|Any CPU
		{EF631454-96BE-4305-8034-9A2056E1FF00}.AppStore|iPhoneSimulator.ActiveCfg = Release|Any CPU
		{EF631454-96BE-4305-8034-9A2056E1FF00}.AppStore|iPhoneSimulator.Build.0 = Release|Any CPU
		{EF631454-96BE-4305-8034-9A2056E1FF00}.AppStore|x64.ActiveCfg = Release|Any CPU
		{EF631454-96BE-4305-8034-9A2056E1FF00}.AppStore|x64.Build.0 = Release|Any CPU
		{EF631454-96BE-4305-8034-9A2056E1FF00}.AppStore|x86.ActiveCfg = Release|Any CPU
		{EF631454-96BE-4305-8034-9A2056E1FF00}.AppStore|x86.Build.0 = Release|Any CPU
		{EF631454-96BE-4305-8034-9A2056E1FF00}.Debug|Any CPU.ActiveCfg = Debug|Any CPU
		{EF631454-96BE-4305-8034-9A2056E1FF00}.Debug|Any CPU.Build.0 = Debug|Any CPU
		{EF631454-96BE-4305-8034-9A2056E1FF00}.Debug|ARM.ActiveCfg = Debug|Any CPU
		{EF631454-96BE-4305-8034-9A2056E1FF00}.Debug|ARM.Build.0 = Debug|Any CPU
		{EF631454-96BE-4305-8034-9A2056E1FF00}.Debug|iPhone.ActiveCfg = Debug|Any CPU
		{EF631454-96BE-4305-8034-9A2056E1FF00}.Debug|iPhone.Build.0 = Debug|Any CPU
		{EF631454-96BE-4305-8034-9A2056E1FF00}.Debug|iPhoneSimulator.ActiveCfg = Debug|Any CPU
		{EF631454-96BE-4305-8034-9A2056E1FF00}.Debug|iPhoneSimulator.Build.0 = Debug|Any CPU
		{EF631454-96BE-4305-8034-9A2056E1FF00}.Debug|x64.ActiveCfg = Debug|Any CPU
		{EF631454-96BE-4305-8034-9A2056E1FF00}.Debug|x64.Build.0 = Debug|Any CPU
		{EF631454-96BE-4305-8034-9A2056E1FF00}.Debug|x86.ActiveCfg = Debug|Any CPU
		{EF631454-96BE-4305-8034-9A2056E1FF00}.Debug|x86.Build.0 = Debug|Any CPU
		{EF631454-96BE-4305-8034-9A2056E1FF00}.Release|Any CPU.ActiveCfg = Release|Any CPU
		{EF631454-96BE-4305-8034-9A2056E1FF00}.Release|Any CPU.Build.0 = Release|Any CPU
		{EF631454-96BE-4305-8034-9A2056E1FF00}.Release|ARM.ActiveCfg = Release|Any CPU
		{EF631454-96BE-4305-8034-9A2056E1FF00}.Release|ARM.Build.0 = Release|Any CPU
		{EF631454-96BE-4305-8034-9A2056E1FF00}.Release|iPhone.ActiveCfg = Release|Any CPU
		{EF631454-96BE-4305-8034-9A2056E1FF00}.Release|iPhone.Build.0 = Release|Any CPU
		{EF631454-96BE-4305-8034-9A2056E1FF00}.Release|iPhoneSimulator.ActiveCfg = Release|Any CPU
		{EF631454-96BE-4305-8034-9A2056E1FF00}.Release|iPhoneSimulator.Build.0 = Release|Any CPU
		{EF631454-96BE-4305-8034-9A2056E1FF00}.Release|x64.ActiveCfg = Release|Any CPU
		{EF631454-96BE-4305-8034-9A2056E1FF00}.Release|x64.Build.0 = Release|Any CPU
		{EF631454-96BE-4305-8034-9A2056E1FF00}.Release|x86.ActiveCfg = Release|Any CPU
		{EF631454-96BE-4305-8034-9A2056E1FF00}.Release|x86.Build.0 = Release|Any CPU
		{5DD13C46-CD2A-430F-A4E6-88D71AA7DDA8}.Ad-Hoc|Any CPU.ActiveCfg = Release|x86
		{5DD13C46-CD2A-430F-A4E6-88D71AA7DDA8}.Ad-Hoc|Any CPU.Build.0 = Release|x86
		{5DD13C46-CD2A-430F-A4E6-88D71AA7DDA8}.Ad-Hoc|Any CPU.Deploy.0 = Release|x86
		{5DD13C46-CD2A-430F-A4E6-88D71AA7DDA8}.Ad-Hoc|ARM.ActiveCfg = Release|ARM
		{5DD13C46-CD2A-430F-A4E6-88D71AA7DDA8}.Ad-Hoc|ARM.Build.0 = Release|ARM
		{5DD13C46-CD2A-430F-A4E6-88D71AA7DDA8}.Ad-Hoc|ARM.Deploy.0 = Release|ARM
		{5DD13C46-CD2A-430F-A4E6-88D71AA7DDA8}.Ad-Hoc|iPhone.ActiveCfg = Release|x86
		{5DD13C46-CD2A-430F-A4E6-88D71AA7DDA8}.Ad-Hoc|iPhone.Build.0 = Release|x86
		{5DD13C46-CD2A-430F-A4E6-88D71AA7DDA8}.Ad-Hoc|iPhone.Deploy.0 = Release|x86
		{5DD13C46-CD2A-430F-A4E6-88D71AA7DDA8}.Ad-Hoc|iPhoneSimulator.ActiveCfg = Release|x86
		{5DD13C46-CD2A-430F-A4E6-88D71AA7DDA8}.Ad-Hoc|iPhoneSimulator.Build.0 = Release|x86
		{5DD13C46-CD2A-430F-A4E6-88D71AA7DDA8}.Ad-Hoc|iPhoneSimulator.Deploy.0 = Release|x86
		{5DD13C46-CD2A-430F-A4E6-88D71AA7DDA8}.Ad-Hoc|x64.ActiveCfg = Release|x64
		{5DD13C46-CD2A-430F-A4E6-88D71AA7DDA8}.Ad-Hoc|x64.Build.0 = Release|x64
		{5DD13C46-CD2A-430F-A4E6-88D71AA7DDA8}.Ad-Hoc|x64.Deploy.0 = Release|x64
		{5DD13C46-CD2A-430F-A4E6-88D71AA7DDA8}.Ad-Hoc|x86.ActiveCfg = Release|x86
		{5DD13C46-CD2A-430F-A4E6-88D71AA7DDA8}.Ad-Hoc|x86.Build.0 = Release|x86
		{5DD13C46-CD2A-430F-A4E6-88D71AA7DDA8}.Ad-Hoc|x86.Deploy.0 = Release|x86
		{5DD13C46-CD2A-430F-A4E6-88D71AA7DDA8}.AppStore|Any CPU.ActiveCfg = Release|x86
		{5DD13C46-CD2A-430F-A4E6-88D71AA7DDA8}.AppStore|Any CPU.Build.0 = Release|x86
		{5DD13C46-CD2A-430F-A4E6-88D71AA7DDA8}.AppStore|Any CPU.Deploy.0 = Release|x86
		{5DD13C46-CD2A-430F-A4E6-88D71AA7DDA8}.AppStore|ARM.ActiveCfg = Release|ARM
		{5DD13C46-CD2A-430F-A4E6-88D71AA7DDA8}.AppStore|ARM.Build.0 = Release|ARM
		{5DD13C46-CD2A-430F-A4E6-88D71AA7DDA8}.AppStore|ARM.Deploy.0 = Release|ARM
		{5DD13C46-CD2A-430F-A4E6-88D71AA7DDA8}.AppStore|iPhone.ActiveCfg = Release|x86
		{5DD13C46-CD2A-430F-A4E6-88D71AA7DDA8}.AppStore|iPhone.Build.0 = Release|x86
		{5DD13C46-CD2A-430F-A4E6-88D71AA7DDA8}.AppStore|iPhone.Deploy.0 = Release|x86
		{5DD13C46-CD2A-430F-A4E6-88D71AA7DDA8}.AppStore|iPhoneSimulator.ActiveCfg = Release|x86
		{5DD13C46-CD2A-430F-A4E6-88D71AA7DDA8}.AppStore|iPhoneSimulator.Build.0 = Release|x86
		{5DD13C46-CD2A-430F-A4E6-88D71AA7DDA8}.AppStore|iPhoneSimulator.Deploy.0 = Release|x86
		{5DD13C46-CD2A-430F-A4E6-88D71AA7DDA8}.AppStore|x64.ActiveCfg = Release|x64
		{5DD13C46-CD2A-430F-A4E6-88D71AA7DDA8}.AppStore|x64.Build.0 = Release|x64
		{5DD13C46-CD2A-430F-A4E6-88D71AA7DDA8}.AppStore|x64.Deploy.0 = Release|x64
		{5DD13C46-CD2A-430F-A4E6-88D71AA7DDA8}.AppStore|x86.ActiveCfg = Release|x86
		{5DD13C46-CD2A-430F-A4E6-88D71AA7DDA8}.AppStore|x86.Build.0 = Release|x86
		{5DD13C46-CD2A-430F-A4E6-88D71AA7DDA8}.AppStore|x86.Deploy.0 = Release|x86
		{5DD13C46-CD2A-430F-A4E6-88D71AA7DDA8}.Debug|Any CPU.ActiveCfg = Debug|x86
		{5DD13C46-CD2A-430F-A4E6-88D71AA7DDA8}.Debug|ARM.ActiveCfg = Debug|ARM
		{5DD13C46-CD2A-430F-A4E6-88D71AA7DDA8}.Debug|ARM.Build.0 = Debug|ARM
		{5DD13C46-CD2A-430F-A4E6-88D71AA7DDA8}.Debug|ARM.Deploy.0 = Debug|ARM
		{5DD13C46-CD2A-430F-A4E6-88D71AA7DDA8}.Debug|iPhone.ActiveCfg = Debug|x86
		{5DD13C46-CD2A-430F-A4E6-88D71AA7DDA8}.Debug|iPhoneSimulator.ActiveCfg = Debug|x86
		{5DD13C46-CD2A-430F-A4E6-88D71AA7DDA8}.Debug|x64.ActiveCfg = Debug|x64
		{5DD13C46-CD2A-430F-A4E6-88D71AA7DDA8}.Debug|x64.Build.0 = Debug|x64
		{5DD13C46-CD2A-430F-A4E6-88D71AA7DDA8}.Debug|x64.Deploy.0 = Debug|x64
		{5DD13C46-CD2A-430F-A4E6-88D71AA7DDA8}.Debug|x86.ActiveCfg = Debug|x86
		{5DD13C46-CD2A-430F-A4E6-88D71AA7DDA8}.Debug|x86.Build.0 = Debug|x86
		{5DD13C46-CD2A-430F-A4E6-88D71AA7DDA8}.Debug|x86.Deploy.0 = Debug|x86
		{5DD13C46-CD2A-430F-A4E6-88D71AA7DDA8}.Release|Any CPU.ActiveCfg = Release|x86
		{5DD13C46-CD2A-430F-A4E6-88D71AA7DDA8}.Release|ARM.ActiveCfg = Release|ARM
		{5DD13C46-CD2A-430F-A4E6-88D71AA7DDA8}.Release|ARM.Build.0 = Release|ARM
		{5DD13C46-CD2A-430F-A4E6-88D71AA7DDA8}.Release|ARM.Deploy.0 = Release|ARM
		{5DD13C46-CD2A-430F-A4E6-88D71AA7DDA8}.Release|iPhone.ActiveCfg = Release|x86
		{5DD13C46-CD2A-430F-A4E6-88D71AA7DDA8}.Release|iPhoneSimulator.ActiveCfg = Release|x86
		{5DD13C46-CD2A-430F-A4E6-88D71AA7DDA8}.Release|x64.ActiveCfg = Release|x64
		{5DD13C46-CD2A-430F-A4E6-88D71AA7DDA8}.Release|x64.Build.0 = Release|x64
		{5DD13C46-CD2A-430F-A4E6-88D71AA7DDA8}.Release|x64.Deploy.0 = Release|x64
		{5DD13C46-CD2A-430F-A4E6-88D71AA7DDA8}.Release|x86.ActiveCfg = Release|x86
		{5DD13C46-CD2A-430F-A4E6-88D71AA7DDA8}.Release|x86.Build.0 = Release|x86
		{5DD13C46-CD2A-430F-A4E6-88D71AA7DDA8}.Release|x86.Deploy.0 = Release|x86
		{E83DF26D-7F57-4105-97BF-50FBE32355E1}.Ad-Hoc|Any CPU.ActiveCfg = Ad-Hoc|iPhone
		{E83DF26D-7F57-4105-97BF-50FBE32355E1}.Ad-Hoc|ARM.ActiveCfg = Ad-Hoc|iPhone
		{E83DF26D-7F57-4105-97BF-50FBE32355E1}.Ad-Hoc|iPhone.ActiveCfg = Ad-Hoc|iPhone
		{E83DF26D-7F57-4105-97BF-50FBE32355E1}.Ad-Hoc|iPhone.Build.0 = Ad-Hoc|iPhone
		{E83DF26D-7F57-4105-97BF-50FBE32355E1}.Ad-Hoc|iPhoneSimulator.ActiveCfg = Ad-Hoc|iPhoneSimulator
		{E83DF26D-7F57-4105-97BF-50FBE32355E1}.Ad-Hoc|iPhoneSimulator.Build.0 = Ad-Hoc|iPhoneSimulator
		{E83DF26D-7F57-4105-97BF-50FBE32355E1}.Ad-Hoc|x64.ActiveCfg = Ad-Hoc|iPhone
		{E83DF26D-7F57-4105-97BF-50FBE32355E1}.Ad-Hoc|x86.ActiveCfg = Ad-Hoc|iPhone
		{E83DF26D-7F57-4105-97BF-50FBE32355E1}.AppStore|Any CPU.ActiveCfg = AppStore|iPhone
		{E83DF26D-7F57-4105-97BF-50FBE32355E1}.AppStore|ARM.ActiveCfg = AppStore|iPhone
		{E83DF26D-7F57-4105-97BF-50FBE32355E1}.AppStore|iPhone.ActiveCfg = AppStore|iPhone
		{E83DF26D-7F57-4105-97BF-50FBE32355E1}.AppStore|iPhone.Build.0 = AppStore|iPhone
		{E83DF26D-7F57-4105-97BF-50FBE32355E1}.AppStore|iPhoneSimulator.ActiveCfg = AppStore|iPhoneSimulator
		{E83DF26D-7F57-4105-97BF-50FBE32355E1}.AppStore|iPhoneSimulator.Build.0 = AppStore|iPhoneSimulator
		{E83DF26D-7F57-4105-97BF-50FBE32355E1}.AppStore|x64.ActiveCfg = AppStore|iPhone
		{E83DF26D-7F57-4105-97BF-50FBE32355E1}.AppStore|x86.ActiveCfg = AppStore|iPhone
		{E83DF26D-7F57-4105-97BF-50FBE32355E1}.Debug|Any CPU.ActiveCfg = Debug|iPhone
		{E83DF26D-7F57-4105-97BF-50FBE32355E1}.Debug|ARM.ActiveCfg = Debug|iPhone
		{E83DF26D-7F57-4105-97BF-50FBE32355E1}.Debug|iPhone.ActiveCfg = Debug|iPhone
		{E83DF26D-7F57-4105-97BF-50FBE32355E1}.Debug|iPhone.Build.0 = Debug|iPhone
		{E83DF26D-7F57-4105-97BF-50FBE32355E1}.Debug|iPhoneSimulator.ActiveCfg = Debug|iPhoneSimulator
		{E83DF26D-7F57-4105-97BF-50FBE32355E1}.Debug|iPhoneSimulator.Build.0 = Debug|iPhoneSimulator
		{E83DF26D-7F57-4105-97BF-50FBE32355E1}.Debug|x64.ActiveCfg = Debug|iPhone
		{E83DF26D-7F57-4105-97BF-50FBE32355E1}.Debug|x86.ActiveCfg = Debug|iPhone
		{E83DF26D-7F57-4105-97BF-50FBE32355E1}.Release|Any CPU.ActiveCfg = Release|iPhone
		{E83DF26D-7F57-4105-97BF-50FBE32355E1}.Release|ARM.ActiveCfg = Release|iPhone
		{E83DF26D-7F57-4105-97BF-50FBE32355E1}.Release|iPhone.ActiveCfg = Release|iPhone
		{E83DF26D-7F57-4105-97BF-50FBE32355E1}.Release|iPhone.Build.0 = Release|iPhone
		{E83DF26D-7F57-4105-97BF-50FBE32355E1}.Release|iPhoneSimulator.ActiveCfg = Release|iPhoneSimulator
		{E83DF26D-7F57-4105-97BF-50FBE32355E1}.Release|iPhoneSimulator.Build.0 = Release|iPhoneSimulator
		{E83DF26D-7F57-4105-97BF-50FBE32355E1}.Release|x64.ActiveCfg = Release|iPhone
		{E83DF26D-7F57-4105-97BF-50FBE32355E1}.Release|x86.ActiveCfg = Release|iPhone
	EndGlobalSection
	GlobalSection(SolutionProperties) = preSolution
		HideSolutionNode = FALSE
	EndGlobalSection
	GlobalSection(ExtensibilityGlobals) = postSolution
		SolutionGuid = {52FD9068-CACC-498C-888F-1F3A5A4A6655}
	EndGlobalSection
EndGlobal
